
Microsoft Visual Studio Solution File, Format Version 12.00
# Visual Studio 2017
Project("{FAE04EC0-301F-11D3-BF4B-00C04F79EFBC}") = "building", "building.csproj", "{8430E141-AA6F-0065-A6A2-A85CE8735924}"
EndProject
Project("{FAE04EC0-301F-11D3-BF4B-00C04F79EFBC}") = "building.Plugins", "building.Plugins.csproj", "{D2424A5B-D1C7-B8E6-63EB-B0C889DFB66D}"
EndProject
Project("{FAE04EC0-301F-11D3-BF4B-00C04F79EFBC}") = "building.Editor.Plugins", "building.Editor.Plugins.csproj", "{A3F59C2C-AB41-9EE0-6D08-4392E9122576}"
EndProject
Project("{FAE04EC0-301F-11D3-BF4B-00C04F79EFBC}") = "building.Editor", "building.Editor.csproj", "{EADC974B-FEF9-B7FB-091C-346A287EA478}"
EndProject
Global
	GlobalSection(SolutionConfigurationPlatforms) = preSolution
		Debug|Any CPU = Debug|Any CPU
		Release|Any CPU = Release|Any CPU
	EndGlobalSection
	GlobalSection(ProjectConfigurationPlatforms) = postSolution
		{8430E141-AA6F-0065-A6A2-A85CE8735924}.Debug|Any CPU.ActiveCfg = Debug|Any CPU
		{8430E141-AA6F-0065-A6A2-A85CE8735924}.Debug|Any CPU.Build.0 = Debug|Any CPU
		{8430E141-AA6F-0065-A6A2-A85CE8735924}.Release|Any CPU.ActiveCfg = Release|Any CPU
		{8430E141-AA6F-0065-A6A2-A85CE8735924}.Release|Any CPU.Build.0 = Release|Any CPU
		{D2424A5B-D1C7-B8E6-63EB-B0C889DFB66D}.Debug|Any CPU.ActiveCfg = Debug|Any CPU
		{D2424A5B-D1C7-B8E6-63EB-B0C889DFB66D}.Debug|Any CPU.Build.0 = Debug|Any CPU
		{D2424A5B-D1C7-B8E6-63EB-B0C889DFB66D}.Release|Any CPU.ActiveCfg = Release|Any CPU
		{D2424A5B-D1C7-B8E6-63EB-B0C889DFB66D}.Release|Any CPU.Build.0 = Release|Any CPU
		{A3F59C2C-AB41-9EE0-6D08-4392E9122576}.Debug|Any CPU.ActiveCfg = Debug|Any CPU
		{A3F59C2C-AB41-9EE0-6D08-4392E9122576}.Debug|Any CPU.Build.0 = Debug|Any CPU
		{A3F59C2C-AB41-9EE0-6D08-4392E9122576}.Release|Any CPU.ActiveCfg = Release|Any CPU
		{A3F59C2C-AB41-9EE0-6D08-4392E9122576}.Release|Any CPU.Build.0 = Release|Any CPU
		{EADC974B-FEF9-B7FB-091C-346A287EA478}.Debug|Any CPU.ActiveCfg = Debug|Any CPU
		{EADC974B-FEF9-B7FB-091C-346A287EA478}.Debug|Any CPU.Build.0 = Debug|Any CPU
		{EADC974B-FEF9-B7FB-091C-346A287EA478}.Release|Any CPU.ActiveCfg = Release|Any CPU
		{EADC974B-FEF9-B7FB-091C-346A287EA478}.Release|Any CPU.Build.0 = Release|Any CPU
	EndGlobalSection
	GlobalSection(SolutionProperties) = preSolution
		HideSolutionNode = FALSE
	EndGlobalSection
EndGlobal
